
Microsoft Visual Studio Solution File, Format Version 12.00
# Visual Studio 15
VisualStudioVersion = 15.0.28307.136
MinimumVisualStudioVersion = 10.0.40219.1
Project("{8BC9CEB8-8B4A-11D0-8D11-00A0C91BC942}") = "qt-serial-port-cli-write-sync", "qt-serial-port-cli-write-sync\qt-serial-port-cli-write-sync.vcxproj", "{100DC1B6-A7B3-4C43-8867-EE86361F45D1}"
EndProject
Project("{8BC9CEB8-8B4A-11D0-8D11-00A0C91BC942}") = "qt-serial-port-cli-read-sync", "qt-serial-port-cli-read-sync\qt-serial-port-cli-read-sync.vcxproj", "{30526DFB-6BB7-4DE6-BF70-6D93EEA8A032}"
EndProject
Project("{8BC9CEB8-8B4A-11D0-8D11-00A0C91BC942}") = "qt-serial-port-cli-read-async", "qt-serial-port-cli-read-async\qt-serial-port-cli-read-async.vcxproj", "{B12702AD-ABFB-343A-A199-8E24837244A3}"
EndProject
Project("{8BC9CEB8-8B4A-11D0-8D11-00A0C91BC942}") = "qt-serial-port-cli-write-async", "qt-serial-port-cli-write-async\qt-serial-port-cli-write-async.vcxproj", "{C19FB2DA-8126-4EE8-BD0F-1F0CFBA9487C}"
EndProject
Project("{8BC9CEB8-8B4A-11D0-8D11-00A0C91BC942}") = "qt-cli", "qt-cli\qt-cli.vcxproj", "{4C1091AA-56AB-3A8D-BDB4-13D051CF7141}"
EndProject
Project("{8BC9CEB8-8B4A-11D0-8D11-00A0C91BC942}") = "qt-shared-lib", "qt-shared-lib\qt-shared-lib.vcxproj", "{F8ACA1DB-EC71-3309-9FE9-4C48B18299AA}"
EndProject
Project("{8BC9CEB8-8B4A-11D0-8D11-00A0C91BC942}") = "qt-widgets", "qt-widgets\qt-widgets.vcxproj", "{BA3DE069-550A-3322-AB6D-5DE0FE9F3CC6}"
EndProject
Global
	GlobalSection(SolutionConfigurationPlatforms) = preSolution
		Debug|Win32 = Debug|Win32
		Release|Win32 = Release|Win32
	EndGlobalSection
	GlobalSection(ProjectConfigurationPlatforms) = postSolution
		{100DC1B6-A7B3-4C43-8867-EE86361F45D1}.Debug|Win32.ActiveCfg = Debug|Win32
		{100DC1B6-A7B3-4C43-8867-EE86361F45D1}.Debug|Win32.Build.0 = Debug|Win32
		{100DC1B6-A7B3-4C43-8867-EE86361F45D1}.Release|Win32.ActiveCfg = Release|Win32
		{100DC1B6-A7B3-4C43-8867-EE86361F45D1}.Release|Win32.Build.0 = Release|Win32
		{30526DFB-6BB7-4DE6-BF70-6D93EEA8A032}.Debug|Win32.ActiveCfg = Debug|Win32
		{30526DFB-6BB7-4DE6-BF70-6D93EEA8A032}.Debug|Win32.Build.0 = Debug|Win32
		{30526DFB-6BB7-4DE6-BF70-6D93EEA8A032}.Release|Win32.ActiveCfg = Release|Win32
		{30526DFB-6BB7-4DE6-BF70-6D93EEA8A032}.Release|Win32.Build.0 = Release|Win32
		{B12702AD-ABFB-343A-A199-8E24837244A3}.Debug|Win32.ActiveCfg = Debug|Win32
		{B12702AD-ABFB-343A-A199-8E24837244A3}.Debug|Win32.Build.0 = Debug|Win32
		{B12702AD-ABFB-343A-A199-8E24837244A3}.Release|Win32.ActiveCfg = Release|Win32
		{B12702AD-ABFB-343A-A199-8E24837244A3}.Release|Win32.Build.0 = Release|Win32
		{C19FB2DA-8126-4EE8-BD0F-1F0CFBA9487C}.Debug|Win32.ActiveCfg = Debug|Win32
		{C19FB2DA-8126-4EE8-BD0F-1F0CFBA9487C}.Debug|Win32.Build.0 = Debug|Win32
		{C19FB2DA-8126-4EE8-BD0F-1F0CFBA9487C}.Release|Win32.ActiveCfg = Release|Win32
		{C19FB2DA-8126-4EE8-BD0F-1F0CFBA9487C}.Release|Win32.Build.0 = Release|Win32
		{4C1091AA-56AB-3A8D-BDB4-13D051CF7141}.Debug|Win32.ActiveCfg = Debug|Win32
		{4C1091AA-56AB-3A8D-BDB4-13D051CF7141}.Debug|Win32.Build.0 = Debug|Win32
		{4C1091AA-56AB-3A8D-BDB4-13D051CF7141}.Release|Win32.ActiveCfg = Release|Win32
		{4C1091AA-56AB-3A8D-BDB4-13D051CF7141}.Release|Win32.Build.0 = Release|Win32
		{F8ACA1DB-EC71-3309-9FE9-4C48B18299AA}.Debug|Win32.ActiveCfg = Debug|Win32
		{F8ACA1DB-EC71-3309-9FE9-4C48B18299AA}.Debug|Win32.Build.0 = Debug|Win32
		{F8ACA1DB-EC71-3309-9FE9-4C48B18299AA}.Release|Win32.ActiveCfg = Release|Win32
		{F8ACA1DB-EC71-3309-9FE9-4C48B18299AA}.Release|Win32.Build.0 = Release|Win32
		{BA3DE069-550A-3322-AB6D-5DE0FE9F3CC6}.Debug|Win32.ActiveCfg = Debug|Win32
		{BA3DE069-550A-3322-AB6D-5DE0FE9F3CC6}.Debug|Win32.Build.0 = Debug|Win32
		{BA3DE069-550A-3322-AB6D-5DE0FE9F3CC6}.Release|Win32.ActiveCfg = Release|Win32
		{BA3DE069-550A-3322-AB6D-5DE0FE9F3CC6}.Release|Win32.Build.0 = Release|Win32
	EndGlobalSection
	GlobalSection(SolutionProperties) = preSolution
		HideSolutionNode = FALSE
	EndGlobalSection
	GlobalSection(ExtensibilityGlobals) = postSolution
		SolutionGuid = {58A72F59-CFED-48D9-95A6-0B7B3A89F3AB}
	EndGlobalSection
EndGlobal
